// !$*UTF8*$!
{
	archiveVersion = 1;
	classes = {
	};
	objectVersion = 52;
	objects = {

/* Begin PBXBuildFile section */
		43736D7F2652280700CE4368 /* AppDelegate.swift in Sources */ = {isa = PBXBuildFile; fileRef = 43736D7E2652280700CE4368 /* AppDelegate.swift */; };
		43736D812652280700CE4368 /* SceneDelegate.swift in Sources */ = {isa = PBXBuildFile; fileRef = 43736D802652280700CE4368 /* SceneDelegate.swift */; };
		43736D832652280700CE4368 /* ContentView.swift in Sources */ = {isa = PBXBuildFile; fileRef = 43736D822652280700CE4368 /* ContentView.swift */; };
		43736D852652280900CE4368 /* Assets.xcassets in Resources */ = {isa = PBXBuildFile; fileRef = 43736D842652280900CE4368 /* Assets.xcassets */; };
		43736D882652280900CE4368 /* Preview Assets.xcassets in Resources */ = {isa = PBXBuildFile; fileRef = 43736D872652280900CE4368 /* Preview Assets.xcassets */; };
		43736D8B2652280900CE4368 /* LaunchScreen.storyboard in Resources */ = {isa = PBXBuildFile; fileRef = 43736D892652280900CE4368 /* LaunchScreen.storyboard */; };
		43A6019E26522CFF00B24B9D /* Alamofire in Frameworks */ = {isa = PBXBuildFile; productRef = 43A6019D26522CFF00B24B9D /* Alamofire */; };
		43A601A426522DBA00B24B9D /* NetworkProvider.swift in Sources */ = {isa = PBXBuildFile; fileRef = 43A601A326522DBA00B24B9D /* NetworkProvider.swift */; };
		43A601A726522E0F00B24B9D /* NetworkClient.swift in Sources */ = {isa = PBXBuildFile; fileRef = 43A601A626522E0F00B24B9D /* NetworkClient.swift */; };
		43A601B52652309900B24B9D /* NetworkUtils.swift in Sources */ = {isa = PBXBuildFile; fileRef = 43A601B42652309900B24B9D /* NetworkUtils.swift */; };
		43A601BA2652560200B24B9D /* GithubNetworkProvider.swift in Sources */ = {isa = PBXBuildFile; fileRef = 43A601B92652560200B24B9D /* GithubNetworkProvider.swift */; };
		43A601BE2652561E00B24B9D /* GithubRouter.swift in Sources */ = {isa = PBXBuildFile; fileRef = 43A601BD2652561E00B24B9D /* GithubRouter.swift */; };
		43A601C3265257EE00B24B9D /* Repo.swift in Sources */ = {isa = PBXBuildFile; fileRef = 43A601C2265257EE00B24B9D /* Repo.swift */; };
/* End PBXBuildFile section */

/* Begin PBXFileReference section */
		43736D7B2652280700CE4368 /* SwiftUI-MVVM-C.app */ = {isa = PBXFileReference; explicitFileType = wrapper.application; includeInIndex = 0; path = "SwiftUI-MVVM-C.app"; sourceTree = BUILT_PRODUCTS_DIR; };
		43736D7E2652280700CE4368 /* AppDelegate.swift */ = {isa = PBXFileReference; lastKnownFileType = sourcecode.swift; path = AppDelegate.swift; sourceTree = "<group>"; };
		43736D802652280700CE4368 /* SceneDelegate.swift */ = {isa = PBXFileReference; lastKnownFileType = sourcecode.swift; path = SceneDelegate.swift; sourceTree = "<group>"; };
		43736D822652280700CE4368 /* ContentView.swift */ = {isa = PBXFileReference; lastKnownFileType = sourcecode.swift; path = ContentView.swift; sourceTree = "<group>"; };
		43736D842652280900CE4368 /* Assets.xcassets */ = {isa = PBXFileReference; lastKnownFileType = folder.assetcatalog; path = Assets.xcassets; sourceTree = "<group>"; };
		43736D872652280900CE4368 /* Preview Assets.xcassets */ = {isa = PBXFileReference; lastKnownFileType = folder.assetcatalog; path = "Preview Assets.xcassets"; sourceTree = "<group>"; };
		43736D8A2652280900CE4368 /* Base */ = {isa = PBXFileReference; lastKnownFileType = file.storyboard; name = Base; path = Base.lproj/LaunchScreen.storyboard; sourceTree = "<group>"; };
		43736D8C2652280900CE4368 /* Info.plist */ = {isa = PBXFileReference; lastKnownFileType = text.plist.xml; path = Info.plist; sourceTree = "<group>"; };
		43A601A326522DBA00B24B9D /* NetworkProvider.swift */ = {isa = PBXFileReference; lastKnownFileType = sourcecode.swift; path = NetworkProvider.swift; sourceTree = "<group>"; };
		43A601A626522E0F00B24B9D /* NetworkClient.swift */ = {isa = PBXFileReference; lastKnownFileType = sourcecode.swift; path = NetworkClient.swift; sourceTree = "<group>"; };
		43A601B42652309900B24B9D /* NetworkUtils.swift */ = {isa = PBXFileReference; lastKnownFileType = sourcecode.swift; path = NetworkUtils.swift; sourceTree = "<group>"; };
		43A601B92652560200B24B9D /* GithubNetworkProvider.swift */ = {isa = PBXFileReference; lastKnownFileType = sourcecode.swift; path = GithubNetworkProvider.swift; sourceTree = "<group>"; };
		43A601BD2652561E00B24B9D /* GithubRouter.swift */ = {isa = PBXFileReference; lastKnownFileType = sourcecode.swift; path = GithubRouter.swift; sourceTree = "<group>"; };
		43A601C2265257EE00B24B9D /* Repo.swift */ = {isa = PBXFileReference; lastKnownFileType = sourcecode.swift; path = Repo.swift; sourceTree = "<group>"; };
/* End PBXFileReference section */

/* Begin PBXFrameworksBuildPhase section */
		43736D782652280700CE4368 /* Frameworks */ = {
			isa = PBXFrameworksBuildPhase;
			buildActionMask = 2147483647;
			files = (
				43A6019E26522CFF00B24B9D /* Alamofire in Frameworks */,
			);
			runOnlyForDeploymentPostprocessing = 0;
		};
/* End PBXFrameworksBuildPhase section */

/* Begin PBXGroup section */
		43736D722652280700CE4368 = {
			isa = PBXGroup;
			children = (
				43736D7D2652280700CE4368 /* SwiftUI-MVVM-C */,
				43736D7C2652280700CE4368 /* Products */,
			);
			sourceTree = "<group>";
		};
		43736D7C2652280700CE4368 /* Products */ = {
			isa = PBXGroup;
			children = (
				43736D7B2652280700CE4368 /* SwiftUI-MVVM-C.app */,
			);
			name = Products;
			sourceTree = "<group>";
		};
		43736D7D2652280700CE4368 /* SwiftUI-MVVM-C */ = {
			isa = PBXGroup;
			children = (
				43A601A026522D1500B24B9D /* Shared */,
				43A601B7265255BC00B24B9D /* CommonShared */,
				43736D7E2652280700CE4368 /* AppDelegate.swift */,
				43736D802652280700CE4368 /* SceneDelegate.swift */,
				43736D822652280700CE4368 /* ContentView.swift */,
				43736D842652280900CE4368 /* Assets.xcassets */,
				43736D892652280900CE4368 /* LaunchScreen.storyboard */,
				43736D8C2652280900CE4368 /* Info.plist */,
				43736D862652280900CE4368 /* Preview Content */,
			);
			path = "SwiftUI-MVVM-C";
			sourceTree = "<group>";
		};
		43736D862652280900CE4368 /* Preview Content */ = {
			isa = PBXGroup;
			children = (
				43736D872652280900CE4368 /* Preview Assets.xcassets */,
			);
			path = "Preview Content";
			sourceTree = "<group>";
		};
		43A601A026522D1500B24B9D /* Shared */ = {
			isa = PBXGroup;
			children = (
				43A601C1265257E200B24B9D /* Models */,
				43A601B8265255F300B24B9D /* Networking */,
			);
			path = Shared;
			sourceTree = "<group>";
		};
		43A601A126522D2A00B24B9D /* Networking */ = {
			isa = PBXGroup;
			children = (
				43A601A226522D9F00B24B9D /* NetworkProvider */,
			);
			path = Networking;
			sourceTree = "<group>";
		};
		43A601A226522D9F00B24B9D /* NetworkProvider */ = {
			isa = PBXGroup;
			children = (
				43A601A326522DBA00B24B9D /* NetworkProvider.swift */,
				43A601A626522E0F00B24B9D /* NetworkClient.swift */,
				43A601B42652309900B24B9D /* NetworkUtils.swift */,
			);
			path = NetworkProvider;
			sourceTree = "<group>";
		};
		43A601B7265255BC00B24B9D /* CommonShared */ = {
			isa = PBXGroup;
			children = (
				43A601A126522D2A00B24B9D /* Networking */,
			);
			path = CommonShared;
			sourceTree = "<group>";
		};
		43A601B8265255F300B24B9D /* Networking */ = {
			isa = PBXGroup;
			children = (
				43A601B92652560200B24B9D /* GithubNetworkProvider.swift */,
				43A601BD2652561E00B24B9D /* GithubRouter.swift */,
			);
			path = Networking;
			sourceTree = "<group>";
		};
		43A601C1265257E200B24B9D /* Models */ = {
			isa = PBXGroup;
			children = (
				43A601C2265257EE00B24B9D /* Repo.swift */,
			);
			path = Models;
			sourceTree = "<group>";
		};
/* End PBXGroup section */

/* Begin PBXNativeTarget section */
		43736D7A2652280700CE4368 /* SwiftUI-MVVM-C */ = {
			isa = PBXNativeTarget;
			buildConfigurationList = 43736D8F2652280900CE4368 /* Build configuration list for PBXNativeTarget "SwiftUI-MVVM-C" */;
			buildPhases = (
				43736D772652280700CE4368 /* Sources */,
				43736D782652280700CE4368 /* Frameworks */,
				43736D792652280700CE4368 /* Resources */,
			);
			buildRules = (
			);
			dependencies = (
			);
			name = "SwiftUI-MVVM-C";
			packageProductDependencies = (
				43A6019D26522CFF00B24B9D /* Alamofire */,
			);
			productName = "SwiftUI-MVVM-C";
			productReference = 43736D7B2652280700CE4368 /* SwiftUI-MVVM-C.app */;
			productType = "com.apple.product-type.application";
		};
/* End PBXNativeTarget section */

/* Begin PBXProject section */
		43736D732652280700CE4368 /* Project object */ = {
			isa = PBXProject;
			attributes = {
				LastSwiftUpdateCheck = 1220;
				LastUpgradeCheck = 1220;
				TargetAttributes = {
					43736D7A2652280700CE4368 = {
						CreatedOnToolsVersion = 12.2;
					};
				};
			};
			buildConfigurationList = 43736D762652280700CE4368 /* Build configuration list for PBXProject "SwiftUI-MVVM-C" */;
			compatibilityVersion = "Xcode 9.3";
			developmentRegion = en;
			hasScannedForEncodings = 0;
			knownRegions = (
				en,
				Base,
			);
			mainGroup = 43736D722652280700CE4368;
			packageReferences = (
				43A6019C26522CFF00B24B9D /* XCRemoteSwiftPackageReference "Alamofire" */,
			);
			productRefGroup = 43736D7C2652280700CE4368 /* Products */;
			projectDirPath = "";
			projectRoot = "";
			targets = (
				43736D7A2652280700CE4368 /* SwiftUI-MVVM-C */,
			);
		};
/* End PBXProject section */

/* Begin PBXResourcesBuildPhase section */
		43736D792652280700CE4368 /* Resources */ = {
			isa = PBXResourcesBuildPhase;
			buildActionMask = 2147483647;
			files = (
				43736D8B2652280900CE4368 /* LaunchScreen.storyboard in Resources */,
				43736D882652280900CE4368 /* Preview Assets.xcassets in Resources */,
				43736D852652280900CE4368 /* Assets.xcassets in Resources */,
			);
			runOnlyForDeploymentPostprocessing = 0;
		};
/* End PBXResourcesBuildPhase section */

/* Begin PBXSourcesBuildPhase section */
		43736D772652280700CE4368 /* Sources */ = {
			isa = PBXSourcesBuildPhase;
			buildActionMask = 2147483647;
			files = (
				43736D7F2652280700CE4368 /* AppDelegate.swift in Sources */,
				43A601BE2652561E00B24B9D /* GithubRouter.swift in Sources */,
				43A601A726522E0F00B24B9D /* NetworkClient.swift in Sources */,
				43A601C3265257EE00B24B9D /* Repo.swift in Sources */,
				43A601A426522DBA00B24B9D /* NetworkProvider.swift in Sources */,
				43736D812652280700CE4368 /* SceneDelegate.swift in Sources */,
				43A601B52652309900B24B9D /* NetworkUtils.swift in Sources */,
				43736D832652280700CE4368 /* ContentView.swift in Sources */,
				43A601BA2652560200B24B9D /* GithubNetworkProvider.swift in Sources */,
			);
			runOnlyForDeploymentPostprocessing = 0;
		};
/* End PBXSourcesBuildPhase section */

/* Begin PBXVariantGroup section */
		43736D892652280900CE4368 /* LaunchScreen.storyboard */ = {
			isa = PBXVariantGroup;
			children = (
				43736D8A2652280900CE4368 /* Base */,
			);
			name = LaunchScreen.storyboard;
			sourceTree = "<group>";
		};
/* End PBXVariantGroup section */

/* Begin XCBuildConfiguration section */
		43736D8D2652280900CE4368 /* Debug */ = {
			isa = XCBuildConfiguration;
			buildSettings = {
				ALWAYS_SEARCH_USER_PATHS = NO;
				CLANG_ANALYZER_NONNULL = YES;
				CLANG_ANALYZER_NUMBER_OBJECT_CONVERSION = YES_AGGRESSIVE;
				CLANG_CXX_LANGUAGE_STANDARD = "gnu++14";
				CLANG_CXX_LIBRARY = "libc++";
				CLANG_ENABLE_MODULES = YES;
				CLANG_ENABLE_OBJC_ARC = YES;
				CLANG_ENABLE_OBJC_WEAK = YES;
				CLANG_WARN_BLOCK_CAPTURE_AUTORELEASING = YES;
				CLANG_WARN_BOOL_CONVERSION = YES;
				CLANG_WARN_COMMA = YES;
				CLANG_WARN_CONSTANT_CONVERSION = YES;
				CLANG_WARN_DEPRECATED_OBJC_IMPLEMENTATIONS = YES;
				CLANG_WARN_DIRECT_OBJC_ISA_USAGE = YES_ERROR;
				CLANG_WARN_DOCUMENTATION_COMMENTS = YES;
				CLANG_WARN_EMPTY_BODY = YES;
				CLANG_WARN_ENUM_CONVERSION = YES;
				CLANG_WARN_INFINITE_RECURSION = YES;
				CLANG_WARN_INT_CONVERSION = YES;
				CLANG_WARN_NON_LITERAL_NULL_CONVERSION = YES;
				CLANG_WARN_OBJC_IMPLICIT_RETAIN_SELF = YES;
				CLANG_WARN_OBJC_LITERAL_CONVERSION = YES;
				CLANG_WARN_OBJC_ROOT_CLASS = YES_ERROR;
				CLANG_WARN_QUOTED_INCLUDE_IN_FRAMEWORK_HEADER = YES;
				CLANG_WARN_RANGE_LOOP_ANALYSIS = YES;
				CLANG_WARN_STRICT_PROTOTYPES = YES;
				CLANG_WARN_SUSPICIOUS_MOVE = YES;
				CLANG_WARN_UNGUARDED_AVAILABILITY = YES_AGGRESSIVE;
				CLANG_WARN_UNREACHABLE_CODE = YES;
				CLANG_WARN__DUPLICATE_METHOD_MATCH = YES;
				COPY_PHASE_STRIP = NO;
				DEBUG_INFORMATION_FORMAT = dwarf;
				ENABLE_STRICT_OBJC_MSGSEND = YES;
				ENABLE_TESTABILITY = YES;
				GCC_C_LANGUAGE_STANDARD = gnu11;
				GCC_DYNAMIC_NO_PIC = NO;
				GCC_NO_COMMON_BLOCKS = YES;
				GCC_OPTIMIZATION_LEVEL = 0;
				GCC_PREPROCESSOR_DEFINITIONS = (
					"DEBUG=1",
					"$(inherited)",
				);
				GCC_WARN_64_TO_32_BIT_CONVERSION = YES;
				GCC_WARN_ABOUT_RETURN_TYPE = YES_ERROR;
				GCC_WARN_UNDECLARED_SELECTOR = YES;
				GCC_WARN_UNINITIALIZED_AUTOS = YES_AGGRESSIVE;
				GCC_WARN_UNUSED_FUNCTION = YES;
				GCC_WARN_UNUSED_VARIABLE = YES;
				IPHONEOS_DEPLOYMENT_TARGET = 14.2;
				MTL_ENABLE_DEBUG_INFO = INCLUDE_SOURCE;
				MTL_FAST_MATH = YES;
				ONLY_ACTIVE_ARCH = YES;
				SDKROOT = iphoneos;
				SWIFT_ACTIVE_COMPILATION_CONDITIONS = DEBUG;
				SWIFT_OPTIMIZATION_LEVEL = "-Onone";
			};
			name = Debug;
		};
		43736D8E2652280900CE4368 /* Release */ = {
			isa = XCBuildConfiguration;
			buildSettings = {
				ALWAYS_SEARCH_USER_PATHS = NO;
				CLANG_ANALYZER_NONNULL = YES;
				CLANG_ANALYZER_NUMBER_OBJECT_CONVERSION = YES_AGGRESSIVE;
				CLANG_CXX_LANGUAGE_STANDARD = "gnu++14";
				CLANG_CXX_LIBRARY = "libc++";
				CLANG_ENABLE_MODULES = YES;
				CLANG_ENABLE_OBJC_ARC = YES;
				CLANG_ENABLE_OBJC_WEAK = YES;
				CLANG_WARN_BLOCK_CAPTURE_AUTORELEASING = YES;
				CLANG_WARN_BOOL_CONVERSION = YES;
				CLANG_WARN_COMMA = YES;
				CLANG_WARN_CONSTANT_CONVERSION = YES;
				CLANG_WARN_DEPRECATED_OBJC_IMPLEMENTATIONS = YES;
				CLANG_WARN_DIRECT_OBJC_ISA_USAGE = YES_ERROR;
				CLANG_WARN_DOCUMENTATION_COMMENTS = YES;
				CLANG_WARN_EMPTY_BODY = YES;
				CLANG_WARN_ENUM_CONVERSION = YES;
				CLANG_WARN_INFINITE_RECURSION = YES;
				CLANG_WARN_INT_CONVERSION = YES;
				CLANG_WARN_NON_LITERAL_NULL_CONVERSION = YES;
				CLANG_WARN_OBJC_IMPLICIT_RETAIN_SELF = YES;
				CLANG_WARN_OBJC_LITERAL_CONVERSION = YES;
				CLANG_WARN_OBJC_ROOT_CLASS = YES_ERROR;
				CLANG_WARN_QUOTED_INCLUDE_IN_FRAMEWORK_HEADER = YES;
				CLANG_WARN_RANGE_LOOP_ANALYSIS = YES;
				CLANG_WARN_STRICT_PROTOTYPES = YES;
				CLANG_WARN_SUSPICIOUS_MOVE = YES;
				CLANG_WARN_UNGUARDED_AVAILABILITY = YES_AGGRESSIVE;
				CLANG_WARN_UNREACHABLE_CODE = YES;
				CLANG_WARN__DUPLICATE_METHOD_MATCH = YES;
				COPY_PHASE_STRIP = NO;
				DEBUG_INFORMATION_FORMAT = "dwarf-with-dsym";
				ENABLE_NS_ASSERTIONS = NO;
				ENABLE_STRICT_OBJC_MSGSEND = YES;
				GCC_C_LANGUAGE_STANDARD = gnu11;
				GCC_NO_COMMON_BLOCKS = YES;
				GCC_WARN_64_TO_32_BIT_CONVERSION = YES;
				GCC_WARN_ABOUT_RETURN_TYPE = YES_ERROR;
				GCC_WARN_UNDECLARED_SELECTOR = YES;
				GCC_WARN_UNINITIALIZED_AUTOS = YES_AGGRESSIVE;
				GCC_WARN_UNUSED_FUNCTION = YES;
				GCC_WARN_UNUSED_VARIABLE = YES;
				IPHONEOS_DEPLOYMENT_TARGET = 14.2;
				MTL_ENABLE_DEBUG_INFO = NO;
				MTL_FAST_MATH = YES;
				SDKROOT = iphoneos;
				SWIFT_COMPILATION_MODE = wholemodule;
				SWIFT_OPTIMIZATION_LEVEL = "-O";
				VALIDATE_PRODUCT = YES;
			};
			name = Release;
		};
		43736D902652280900CE4368 /* Debug */ = {
			isa = XCBuildConfiguration;
			buildSettings = {
				ASSETCATALOG_COMPILER_APPICON_NAME = AppIcon;
				ASSETCATALOG_COMPILER_GLOBAL_ACCENT_COLOR_NAME = AccentColor;
				CODE_SIGN_STYLE = Automatic;
				DEVELOPMENT_ASSET_PATHS = "\"SwiftUI-MVVM-C/Preview Content\"";
				DEVELOPMENT_TEAM = 94KKN3D4YS;
				ENABLE_PREVIEWS = YES;
				INFOPLIST_FILE = "SwiftUI-MVVM-C/Info.plist";
				LD_RUNPATH_SEARCH_PATHS = (
					"$(inherited)",
					"@executable_path/Frameworks",
				);
				PRODUCT_BUNDLE_IDENTIFIER = "com.nch.SwiftUI-MVVM-C";
				PRODUCT_NAME = "$(TARGET_NAME)";
				SWIFT_VERSION = 5.0;
				TARGETED_DEVICE_FAMILY = "1,2";
			};
			name = Debug;
		};
		43736D912652280900CE4368 /* Release */ = {
			isa = XCBuildConfiguration;
			buildSettings = {
				ASSETCATALOG_COMPILER_APPICON_NAME = AppIcon;
				ASSETCATALOG_COMPILER_GLOBAL_ACCENT_COLOR_NAME = AccentColor;
				CODE_SIGN_STYLE = Automatic;
				DEVELOPMENT_ASSET_PATHS = "\"SwiftUI-MVVM-C/Preview Content\"";
				DEVELOPMENT_TEAM = 94KKN3D4YS;
				ENABLE_PREVIEWS = YES;
				INFOPLIST_FILE = "SwiftUI-MVVM-C/Info.plist";
				LD_RUNPATH_SEARCH_PATHS = (
					"$(inherited)",
					"@executable_path/Frameworks",
				);
				PRODUCT_BUNDLE_IDENTIFIER = "com.nch.SwiftUI-MVVM-C";
				PRODUCT_NAME = "$(TARGET_NAME)";
				SWIFT_VERSION = 5.0;
				TARGETED_DEVICE_FAMILY = "1,2";
			};
			name = Release;
		};
/* End XCBuildConfiguration section */

/* Begin XCConfigurationList section */
		43736D762652280700CE4368 /* Build configuration list for PBXProject "SwiftUI-MVVM-C" */ = {
			isa = XCConfigurationList;
			buildConfigurations = (
				43736D8D2652280900CE4368 /* Debug */,
				43736D8E2652280900CE4368 /* Release */,
			);
			defaultConfigurationIsVisible = 0;
			defaultConfigurationName = Release;
		};
		43736D8F2652280900CE4368 /* Build configuration list for PBXNativeTarget "SwiftUI-MVVM-C" */ = {
			isa = XCConfigurationList;
			buildConfigurations = (
				43736D902652280900CE4368 /* Debug */,
				43736D912652280900CE4368 /* Release */,
			);
			defaultConfigurationIsVisible = 0;
			defaultConfigurationName = Release;
		};
/* End XCConfigurationList section */

/* Begin XCRemoteSwiftPackageReference section */
		43A6019C26522CFF00B24B9D /* XCRemoteSwiftPackageReference "Alamofire" */ = {
			isa = XCRemoteSwiftPackageReference;
			repositoryURL = "https://github.com/Alamofire/Alamofire.git";
			requirement = {
				kind = upToNextMajorVersion;
				minimumVersion = 5.4.3;
			};
		};
/* End XCRemoteSwiftPackageReference section */

/* Begin XCSwiftPackageProductDependency section */
		43A6019D26522CFF00B24B9D /* Alamofire */ = {
			isa = XCSwiftPackageProductDependency;
			package = 43A6019C26522CFF00B24B9D /* XCRemoteSwiftPackageReference "Alamofire" */;
			productName = Alamofire;
		};
/* End XCSwiftPackageProductDependency section */
	};
	rootObject = 43736D732652280700CE4368 /* Project object */;
}
